
Microsoft Visual Studio Solution File, Format Version 12.00
# Visual Studio Version 17
VisualStudioVersion = 17.4.33110.190
MinimumVisualStudioVersion = 10.0.40219.1
Project("{9A19103F-16F7-4668-BE54-9A1E7A4F7556}") = "SFSimulator", "..\SFSimulator\SFSimulator.csproj", "{8456D4B3-C1EC-4D4B-9EFA-0AAB3CD0BD0A}"
EndProject
Project("{2150E333-8FDC-42A3-9474-1A3956D46DE8}") = "ソリューション項目", "ソリューション項目", "{1DB6C68C-5655-4CE9-9A79-0983B0DEAD00}"
	ProjectSection(SolutionItems) = preProject
		Readme.md = Readme.md
	EndProjectSection
EndProject
Project("{9A19103F-16F7-4668-BE54-9A1E7A4F7556}") = "RealityDataLibrary", "RealityDataLibrary\RealityDataLibrary.csproj", "{086A2C0E-931F-4519-B857-EE02B964F622}"
EndProject
Project("{FAE04EC0-301F-11D3-BF4B-00C04F79EFBC}") = "SFSimulatorModuleUnitTest", "SFSimulatorModuleUnitTest\SFSimulatorModuleUnitTest.csproj", "{70C6DFA7-53B1-449D-BBC2-1665DF281FE7}"
EndProject
Global
	GlobalSection(SolutionConfigurationPlatforms) = preSolution
		Debug|Any CPU = Debug|Any CPU
		Release|Any CPU = Release|Any CPU
	EndGlobalSection
	GlobalSection(ProjectConfigurationPlatforms) = postSolution
		{8456D4B3-C1EC-4D4B-9EFA-0AAB3CD0BD0A}.Debug|Any CPU.ActiveCfg = Debug|Any CPU
		{8456D4B3-C1EC-4D4B-9EFA-0AAB3CD0BD0A}.Debug|Any CPU.Build.0 = Debug|Any CPU
		{8456D4B3-C1EC-4D4B-9EFA-0AAB3CD0BD0A}.Release|Any CPU.ActiveCfg = Release|Any CPU
		{8456D4B3-C1EC-4D4B-9EFA-0AAB3CD0BD0A}.Release|Any CPU.Build.0 = Release|Any CPU
		{086A2C0E-931F-4519-B857-EE02B964F622}.Debug|Any CPU.ActiveCfg = Debug|Any CPU
		{086A2C0E-931F-4519-B857-EE02B964F622}.Debug|Any CPU.Build.0 = Debug|Any CPU
		{086A2C0E-931F-4519-B857-EE02B964F622}.Release|Any CPU.ActiveCfg = Release|Any CPU
		{086A2C0E-931F-4519-B857-EE02B964F622}.Release|Any CPU.Build.0 = Release|Any CPU
		{70C6DFA7-53B1-449D-BBC2-1665DF281FE7}.Debug|Any CPU.ActiveCfg = Debug|Any CPU
		{70C6DFA7-53B1-449D-BBC2-1665DF281FE7}.Debug|Any CPU.Build.0 = Debug|Any CPU
		{70C6DFA7-53B1-449D-BBC2-1665DF281FE7}.Release|Any CPU.ActiveCfg = Release|Any CPU
		{70C6DFA7-53B1-449D-BBC2-1665DF281FE7}.Release|Any CPU.Build.0 = Release|Any CPU
	EndGlobalSection
	GlobalSection(SolutionProperties) = preSolution
		HideSolutionNode = FALSE
	EndGlobalSection
	GlobalSection(ExtensibilityGlobals) = postSolution
		SolutionGuid = {6845340E-1862-4DBF-84DA-9D2CE80EFC39}
	EndGlobalSection
EndGlobal
